// !$*UTF8*$!
{
	archiveVersion = 1;
	classes = {
	};
	objectVersion = 46;
	objects = {

/* Begin PBXBuildFile section */
		1A985E93913D6D125ABAA06A /* Pods_CustomPro.framework in Frameworks */ = {isa = PBXBuildFile; fileRef = EB8AF696FBC076E9BFF673E8 /* Pods_CustomPro.framework */; };
		4392C72F1DBF2A3500873534 /* ViewFrameExtension.swift in Sources */ = {isa = PBXBuildFile; fileRef = 4392C7281DBF2A3500873534 /* ViewFrameExtension.swift */; };
		4392C7301DBF2A3500873534 /* Reachability.swift in Sources */ = {isa = PBXBuildFile; fileRef = 4392C72C1DBF2A3500873534 /* Reachability.swift */; };
		4392C7321DBF2A5200873534 /* BaseViewController.swift in Sources */ = {isa = PBXBuildFile; fileRef = 4392C7311DBF2A5200873534 /* BaseViewController.swift */; };
		4392C7351DBF2A6000873534 /* CalendarViewController.swift in Sources */ = {isa = PBXBuildFile; fileRef = 4392C7331DBF2A6000873534 /* CalendarViewController.swift */; };
		4392C7361DBF2A6000873534 /* CalendarViewController.xib in Resources */ = {isa = PBXBuildFile; fileRef = 4392C7341DBF2A6000873534 /* CalendarViewController.xib */; };
		4392C7391DBF2A6B00873534 /* FoodViewController.swift in Sources */ = {isa = PBXBuildFile; fileRef = 4392C7371DBF2A6B00873534 /* FoodViewController.swift */; };
		4392C73A1DBF2A6B00873534 /* FoodViewController.xib in Resources */ = {isa = PBXBuildFile; fileRef = 4392C7381DBF2A6B00873534 /* FoodViewController.xib */; };
		4392C73D1DBF2A7700873534 /* MineViewController.swift in Sources */ = {isa = PBXBuildFile; fileRef = 4392C73B1DBF2A7700873534 /* MineViewController.swift */; };
		4392C73E1DBF2A7700873534 /* MineViewController.xib in Resources */ = {isa = PBXBuildFile; fileRef = 4392C73C1DBF2A7700873534 /* MineViewController.xib */; };
		4392C7411DBF2A8600873534 /* NewsViewController.swift in Sources */ = {isa = PBXBuildFile; fileRef = 4392C73F1DBF2A8600873534 /* NewsViewController.swift */; };
		4392C7421DBF2A8600873534 /* NewsViewController.xib in Resources */ = {isa = PBXBuildFile; fileRef = 4392C7401DBF2A8600873534 /* NewsViewController.xib */; };
		A70A6EC11DBCD9CA009F5331 /* AppDelegate.swift in Sources */ = {isa = PBXBuildFile; fileRef = A70A6EC01DBCD9CA009F5331 /* AppDelegate.swift */; };
		A70A6EC81DBCD9CA009F5331 /* Assets.xcassets in Resources */ = {isa = PBXBuildFile; fileRef = A70A6EC71DBCD9CA009F5331 /* Assets.xcassets */; };
		A70A6ECB1DBCD9CA009F5331 /* LaunchScreen.storyboard in Resources */ = {isa = PBXBuildFile; fileRef = A70A6EC91DBCD9CA009F5331 /* LaunchScreen.storyboard */; };
		A70A6EE71DBD0940009F5331 /* NewfeatureViewController.swift in Sources */ = {isa = PBXBuildFile; fileRef = A70A6EE31DBD0940009F5331 /* NewfeatureViewController.swift */; };
		A70A6EE81DBD0940009F5331 /* CustomeNavViewController.swift in Sources */ = {isa = PBXBuildFile; fileRef = A70A6EE51DBD0940009F5331 /* CustomeNavViewController.swift */; };
		A70A6EE91DBD0940009F5331 /* RootTabBarViewController.swift in Sources */ = {isa = PBXBuildFile; fileRef = A70A6EE61DBD0940009F5331 /* RootTabBarViewController.swift */; };
/* End PBXBuildFile section */

/* Begin PBXFileReference section */
		4392C7281DBF2A3500873534 /* ViewFrameExtension.swift */ = {isa = PBXFileReference; fileEncoding = 4; lastKnownFileType = sourcecode.swift; path = ViewFrameExtension.swift; sourceTree = "<group>"; };
		4392C72C1DBF2A3500873534 /* Reachability.swift */ = {isa = PBXFileReference; fileEncoding = 4; lastKnownFileType = sourcecode.swift; path = Reachability.swift; sourceTree = "<group>"; };
		4392C7311DBF2A5200873534 /* BaseViewController.swift */ = {isa = PBXFileReference; fileEncoding = 4; lastKnownFileType = sourcecode.swift; path = BaseViewController.swift; sourceTree = "<group>"; };
		4392C7331DBF2A6000873534 /* CalendarViewController.swift */ = {isa = PBXFileReference; fileEncoding = 4; lastKnownFileType = sourcecode.swift; path = CalendarViewController.swift; sourceTree = "<group>"; };
		4392C7341DBF2A6000873534 /* CalendarViewController.xib */ = {isa = PBXFileReference; fileEncoding = 4; lastKnownFileType = file.xib; path = CalendarViewController.xib; sourceTree = "<group>"; };
		4392C7371DBF2A6B00873534 /* FoodViewController.swift */ = {isa = PBXFileReference; fileEncoding = 4; lastKnownFileType = sourcecode.swift; path = FoodViewController.swift; sourceTree = "<group>"; };
		4392C7381DBF2A6B00873534 /* FoodViewController.xib */ = {isa = PBXFileReference; fileEncoding = 4; lastKnownFileType = file.xib; path = FoodViewController.xib; sourceTree = "<group>"; };
		4392C73B1DBF2A7700873534 /* MineViewController.swift */ = {isa = PBXFileReference; fileEncoding = 4; lastKnownFileType = sourcecode.swift; path = MineViewController.swift; sourceTree = "<group>"; };
		4392C73C1DBF2A7700873534 /* MineViewController.xib */ = {isa = PBXFileReference; fileEncoding = 4; lastKnownFileType = file.xib; path = MineViewController.xib; sourceTree = "<group>"; };
		4392C73F1DBF2A8600873534 /* NewsViewController.swift */ = {isa = PBXFileReference; fileEncoding = 4; lastKnownFileType = sourcecode.swift; path = NewsViewController.swift; sourceTree = "<group>"; };
		4392C7401DBF2A8600873534 /* NewsViewController.xib */ = {isa = PBXFileReference; fileEncoding = 4; lastKnownFileType = file.xib; path = NewsViewController.xib; sourceTree = "<group>"; };
		48DCFF4E486E734A6DBF319A /* Pods-CustomPro.debug.xcconfig */ = {isa = PBXFileReference; includeInIndex = 1; lastKnownFileType = text.xcconfig; name = "Pods-CustomPro.debug.xcconfig"; path = "Pods/Target Support Files/Pods-CustomPro/Pods-CustomPro.debug.xcconfig"; sourceTree = "<group>"; };
		5D685BD6A9700742A1F98D66 /* Pods.framework */ = {isa = PBXFileReference; explicitFileType = wrapper.framework; includeInIndex = 0; path = Pods.framework; sourceTree = BUILT_PRODUCTS_DIR; };
		A70A6EBD1DBCD9CA009F5331 /* CustomPro.app */ = {isa = PBXFileReference; explicitFileType = wrapper.application; includeInIndex = 0; path = CustomPro.app; sourceTree = BUILT_PRODUCTS_DIR; };
		A70A6EC01DBCD9CA009F5331 /* AppDelegate.swift */ = {isa = PBXFileReference; lastKnownFileType = sourcecode.swift; path = AppDelegate.swift; sourceTree = "<group>"; };
		A70A6EC71DBCD9CA009F5331 /* Assets.xcassets */ = {isa = PBXFileReference; lastKnownFileType = folder.assetcatalog; path = Assets.xcassets; sourceTree = "<group>"; };
		A70A6ECA1DBCD9CA009F5331 /* Base */ = {isa = PBXFileReference; lastKnownFileType = file.storyboard; name = Base; path = Base.lproj/LaunchScreen.storyboard; sourceTree = "<group>"; };
		A70A6ECC1DBCD9CA009F5331 /* Info.plist */ = {isa = PBXFileReference; lastKnownFileType = text.plist.xml; path = Info.plist; sourceTree = "<group>"; };
		A70A6EE31DBD0940009F5331 /* NewfeatureViewController.swift */ = {isa = PBXFileReference; fileEncoding = 4; lastKnownFileType = sourcecode.swift; path = NewfeatureViewController.swift; sourceTree = "<group>"; };
		A70A6EE51DBD0940009F5331 /* CustomeNavViewController.swift */ = {isa = PBXFileReference; fileEncoding = 4; lastKnownFileType = sourcecode.swift; path = CustomeNavViewController.swift; sourceTree = "<group>"; };
		A70A6EE61DBD0940009F5331 /* RootTabBarViewController.swift */ = {isa = PBXFileReference; fileEncoding = 4; lastKnownFileType = sourcecode.swift; path = RootTabBarViewController.swift; sourceTree = "<group>"; };
		B1AE635E39929C8086847DCC /* Pods-CustomPro.release.xcconfig */ = {isa = PBXFileReference; includeInIndex = 1; lastKnownFileType = text.xcconfig; name = "Pods-CustomPro.release.xcconfig"; path = "Pods/Target Support Files/Pods-CustomPro/Pods-CustomPro.release.xcconfig"; sourceTree = "<group>"; };
		EB8AF696FBC076E9BFF673E8 /* Pods_CustomPro.framework */ = {isa = PBXFileReference; explicitFileType = wrapper.framework; includeInIndex = 0; path = Pods_CustomPro.framework; sourceTree = BUILT_PRODUCTS_DIR; };
/* End PBXFileReference section */

/* Begin PBXFrameworksBuildPhase section */
		A70A6EBA1DBCD9CA009F5331 /* Frameworks */ = {
			isa = PBXFrameworksBuildPhase;
			buildActionMask = 2147483647;
			files = (
				1A985E93913D6D125ABAA06A /* Pods_CustomPro.framework in Frameworks */,
			);
			runOnlyForDeploymentPostprocessing = 0;
		};
/* End PBXFrameworksBuildPhase section */

/* Begin PBXGroup section */
		4392C7221DBF2A3500873534 /* Class */ = {
			isa = PBXGroup;
			children = (
				4392C7231DBF2A3500873534 /* Calendar */,
				4392C7241DBF2A3500873534 /* Food */,
				4392C7251DBF2A3500873534 /* Mine */,
				4392C7261DBF2A3500873534 /* News */,
				4392C7311DBF2A5200873534 /* BaseViewController.swift */,
			);
			path = Class;
			sourceTree = "<group>";
		};
		4392C7231DBF2A3500873534 /* Calendar */ = {
			isa = PBXGroup;
			children = (
				4392C7331DBF2A6000873534 /* CalendarViewController.swift */,
				4392C7341DBF2A6000873534 /* CalendarViewController.xib */,
			);
			path = Calendar;
			sourceTree = "<group>";
		};
		4392C7241DBF2A3500873534 /* Food */ = {
			isa = PBXGroup;
			children = (
				4392C7371DBF2A6B00873534 /* FoodViewController.swift */,
				4392C7381DBF2A6B00873534 /* FoodViewController.xib */,
			);
			path = Food;
			sourceTree = "<group>";
		};
		4392C7251DBF2A3500873534 /* Mine */ = {
			isa = PBXGroup;
			children = (
				4392C73B1DBF2A7700873534 /* MineViewController.swift */,
				4392C73C1DBF2A7700873534 /* MineViewController.xib */,
			);
			path = Mine;
			sourceTree = "<group>";
		};
		4392C7261DBF2A3500873534 /* News */ = {
			isa = PBXGroup;
			children = (
				4392C73F1DBF2A8600873534 /* NewsViewController.swift */,
				4392C7401DBF2A8600873534 /* NewsViewController.xib */,
			);
			path = News;
			sourceTree = "<group>";
		};
		4392C7271DBF2A3500873534 /* Extension */ = {
			isa = PBXGroup;
			children = (
				4392C7281DBF2A3500873534 /* ViewFrameExtension.swift */,
			);
			path = Extension;
			sourceTree = "<group>";
		};
		4392C7291DBF2A3500873534 /* Manager */ = {
			isa = PBXGroup;
			children = (
			);
			path = Manager;
			sourceTree = "<group>";
		};
		4392C72A1DBF2A3500873534 /* Model */ = {
			isa = PBXGroup;
			children = (
			);
			path = Model;
			sourceTree = "<group>";
		};
		4392C72B1DBF2A3500873534 /* ThirdParty */ = {
			isa = PBXGroup;
			children = (
				4392C72C1DBF2A3500873534 /* Reachability.swift */,
			);
			path = ThirdParty;
			sourceTree = "<group>";
		};
		4392C72D1DBF2A3500873534 /* Util */ = {
			isa = PBXGroup;
			children = (
			);
			path = Util;
			sourceTree = "<group>";
		};
		4392C72E1DBF2A3500873534 /* View */ = {
			isa = PBXGroup;
			children = (
			);
			path = View;
			sourceTree = "<group>";
		};
		6F6FE33B7BF84F0ACDC54BE6 /* Frameworks */ = {
			isa = PBXGroup;
			children = (
				5D685BD6A9700742A1F98D66 /* Pods.framework */,
				EB8AF696FBC076E9BFF673E8 /* Pods_CustomPro.framework */,
			);
			name = Frameworks;
			sourceTree = "<group>";
		};
		9FB483D9CB794FDF041D6FBE /* Pods */ = {
			isa = PBXGroup;
			children = (
				48DCFF4E486E734A6DBF319A /* Pods-CustomPro.debug.xcconfig */,
				B1AE635E39929C8086847DCC /* Pods-CustomPro.release.xcconfig */,
			);
			name = Pods;
			sourceTree = "<group>";
		};
		A70A6EB41DBCD9CA009F5331 = {
			isa = PBXGroup;
			children = (
				A70A6EBF1DBCD9CA009F5331 /* CustomPro */,
				A70A6EBE1DBCD9CA009F5331 /* Products */,
				6F6FE33B7BF84F0ACDC54BE6 /* Frameworks */,
				9FB483D9CB794FDF041D6FBE /* Pods */,
			);
			sourceTree = "<group>";
		};
		A70A6EBE1DBCD9CA009F5331 /* Products */ = {
			isa = PBXGroup;
			children = (
				A70A6EBD1DBCD9CA009F5331 /* CustomPro.app */,
			);
			name = Products;
			sourceTree = "<group>";
		};
		A70A6EBF1DBCD9CA009F5331 /* CustomPro */ = {
			isa = PBXGroup;
			children = (
				4392C7221DBF2A3500873534 /* Class */,
				4392C7271DBF2A3500873534 /* Extension */,
				4392C7291DBF2A3500873534 /* Manager */,
				4392C72A1DBF2A3500873534 /* Model */,
				4392C72B1DBF2A3500873534 /* ThirdParty */,
				4392C72D1DBF2A3500873534 /* Util */,
				4392C72E1DBF2A3500873534 /* View */,
				A70A6EC01DBCD9CA009F5331 /* AppDelegate.swift */,
				A70A6EE21DBD0940009F5331 /* NewFeature */,
				A70A6EE41DBD0940009F5331 /* RootViewController */,
				A70A6EC71DBCD9CA009F5331 /* Assets.xcassets */,
				A70A6EC91DBCD9CA009F5331 /* LaunchScreen.storyboard */,
				A70A6ECC1DBCD9CA009F5331 /* Info.plist */,
			);
			path = CustomPro;
			sourceTree = "<group>";
		};
		A70A6EE21DBD0940009F5331 /* NewFeature */ = {
			isa = PBXGroup;
			children = (
				A70A6EE31DBD0940009F5331 /* NewfeatureViewController.swift */,
			);
			path = NewFeature;
			sourceTree = "<group>";
		};
		A70A6EE41DBD0940009F5331 /* RootViewController */ = {
			isa = PBXGroup;
			children = (
				A70A6EE51DBD0940009F5331 /* CustomeNavViewController.swift */,
				A70A6EE61DBD0940009F5331 /* RootTabBarViewController.swift */,
			);
			path = RootViewController;
			sourceTree = "<group>";
		};
/* End PBXGroup section */

/* Begin PBXNativeTarget section */
		A70A6EBC1DBCD9CA009F5331 /* CustomPro */ = {
			isa = PBXNativeTarget;
			buildConfigurationList = A70A6ECF1DBCD9CA009F5331 /* Build configuration list for PBXNativeTarget "CustomPro" */;
			buildPhases = (
				BC41D8828BA4D087E9B3E6DB /* [CP] Check Pods Manifest.lock */,
				A70A6EB91DBCD9CA009F5331 /* Sources */,
				A70A6EBA1DBCD9CA009F5331 /* Frameworks */,
				A70A6EBB1DBCD9CA009F5331 /* Resources */,
				FD214C1B87669E379C722BCA /* [CP] Embed Pods Frameworks */,
				DB5142D1D25E78D1672A1BFD /* [CP] Copy Pods Resources */,
			);
			buildRules = (
			);
			dependencies = (
			);
			name = CustomPro;
			productName = CustomPro;
			productReference = A70A6EBD1DBCD9CA009F5331 /* CustomPro.app */;
			productType = "com.apple.product-type.application";
		};
/* End PBXNativeTarget section */

/* Begin PBXProject section */
		A70A6EB51DBCD9CA009F5331 /* Project object */ = {
			isa = PBXProject;
			attributes = {
				LastSwiftUpdateCheck = 0800;
				LastUpgradeCheck = 0800;
				ORGANIZATIONNAME = appledev110;
				TargetAttributes = {
					A70A6EBC1DBCD9CA009F5331 = {
						CreatedOnToolsVersion = 8.0;
						LastSwiftMigration = 0800;
						ProvisioningStyle = Automatic;
					};
				};
			};
			buildConfigurationList = A70A6EB81DBCD9CA009F5331 /* Build configuration list for PBXProject "CustomPro" */;
			compatibilityVersion = "Xcode 3.2";
			developmentRegion = English;
			hasScannedForEncodings = 0;
			knownRegions = (
				en,
				Base,
			);
			mainGroup = A70A6EB41DBCD9CA009F5331;
			productRefGroup = A70A6EBE1DBCD9CA009F5331 /* Products */;
			projectDirPath = "";
			projectRoot = "";
			targets = (
				A70A6EBC1DBCD9CA009F5331 /* CustomPro */,
			);
		};
/* End PBXProject section */

/* Begin PBXResourcesBuildPhase section */
		A70A6EBB1DBCD9CA009F5331 /* Resources */ = {
			isa = PBXResourcesBuildPhase;
			buildActionMask = 2147483647;
			files = (
				4392C73E1DBF2A7700873534 /* MineViewController.xib in Resources */,
				A70A6ECB1DBCD9CA009F5331 /* LaunchScreen.storyboard in Resources */,
				A70A6EC81DBCD9CA009F5331 /* Assets.xcassets in Resources */,
				4392C73A1DBF2A6B00873534 /* FoodViewController.xib in Resources */,
				4392C7361DBF2A6000873534 /* CalendarViewController.xib in Resources */,
				4392C7421DBF2A8600873534 /* NewsViewController.xib in Resources */,
			);
			runOnlyForDeploymentPostprocessing = 0;
		};
/* End PBXResourcesBuildPhase section */

/* Begin PBXShellScriptBuildPhase section */
		BC41D8828BA4D087E9B3E6DB /* [CP] Check Pods Manifest.lock */ = {
			isa = PBXShellScriptBuildPhase;
			buildActionMask = 2147483647;
			files = (
			);
			inputPaths = (
			);
			name = "[CP] Check Pods Manifest.lock";
			outputPaths = (
			);
			runOnlyForDeploymentPostprocessing = 0;
			shellPath = /bin/sh;
			shellScript = "diff \"${PODS_ROOT}/../Podfile.lock\" \"${PODS_ROOT}/Manifest.lock\" > /dev/null\nif [[ $? != 0 ]] ; then\n    cat << EOM\nerror: The sandbox is not in sync with the Podfile.lock. Run 'pod install' or update your CocoaPods installation.\nEOM\n    exit 1\nfi\n";
			showEnvVarsInLog = 0;
		};
		DB5142D1D25E78D1672A1BFD /* [CP] Copy Pods Resources */ = {
			isa = PBXShellScriptBuildPhase;
			buildActionMask = 2147483647;
			files = (
			);
			inputPaths = (
			);
			name = "[CP] Copy Pods Resources";
			outputPaths = (
			);
			runOnlyForDeploymentPostprocessing = 0;
			shellPath = /bin/sh;
			shellScript = "\"${SRCROOT}/Pods/Target Support Files/Pods-CustomPro/Pods-CustomPro-resources.sh\"\n";
			showEnvVarsInLog = 0;
		};
		FD214C1B87669E379C722BCA /* [CP] Embed Pods Frameworks */ = {
			isa = PBXShellScriptBuildPhase;
			buildActionMask = 2147483647;
			files = (
			);
			inputPaths = (
			);
			name = "[CP] Embed Pods Frameworks";
			outputPaths = (
			);
			runOnlyForDeploymentPostprocessing = 0;
			shellPath = /bin/sh;
			shellScript = "\"${SRCROOT}/Pods/Target Support Files/Pods-CustomPro/Pods-CustomPro-frameworks.sh\"\n";
			showEnvVarsInLog = 0;
		};
/* End PBXShellScriptBuildPhase section */

/* Begin PBXSourcesBuildPhase section */
		A70A6EB91DBCD9CA009F5331 /* Sources */ = {
			isa = PBXSourcesBuildPhase;
			buildActionMask = 2147483647;
			files = (
				4392C7351DBF2A6000873534 /* CalendarViewController.swift in Sources */,
				A70A6EE91DBD0940009F5331 /* RootTabBarViewController.swift in Sources */,
				A70A6EE71DBD0940009F5331 /* NewfeatureViewController.swift in Sources */,
				4392C7301DBF2A3500873534 /* Reachability.swift in Sources */,
				4392C7411DBF2A8600873534 /* NewsViewController.swift in Sources */,
				4392C7391DBF2A6B00873534 /* FoodViewController.swift in Sources */,
				A70A6EE81DBD0940009F5331 /* CustomeNavViewController.swift in Sources */,
				4392C72F1DBF2A3500873534 /* ViewFrameExtension.swift in Sources */,
				4392C7321DBF2A5200873534 /* BaseViewController.swift in Sources */,
				A70A6EC11DBCD9CA009F5331 /* AppDelegate.swift in Sources */,
				4392C73D1DBF2A7700873534 /* MineViewController.swift in Sources */,
			);
			runOnlyForDeploymentPostprocessing = 0;
		};
/* End PBXSourcesBuildPhase section */

/* Begin PBXVariantGroup section */
		A70A6EC91DBCD9CA009F5331 /* LaunchScreen.storyboard */ = {
			isa = PBXVariantGroup;
			children = (
				A70A6ECA1DBCD9CA009F5331 /* Base */,
			);
			name = LaunchScreen.storyboard;
			sourceTree = "<group>";
		};
/* End PBXVariantGroup section */

/* Begin XCBuildConfiguration section */
		A70A6ECD1DBCD9CA009F5331 /* Debug */ = {
			isa = XCBuildConfiguration;
			buildSettings = {
				ALWAYS_SEARCH_USER_PATHS = NO;
				CLANG_ANALYZER_NONNULL = YES;
				CLANG_CXX_LANGUAGE_STANDARD = "gnu++0x";
				CLANG_CXX_LIBRARY = "libc++";
				CLANG_ENABLE_MODULES = YES;
				CLANG_ENABLE_OBJC_ARC = YES;
				CLANG_WARN_BOOL_CONVERSION = YES;
				CLANG_WARN_CONSTANT_CONVERSION = YES;
				CLANG_WARN_DIRECT_OBJC_ISA_USAGE = YES_ERROR;
				CLANG_WARN_DOCUMENTATION_COMMENTS = YES;
				CLANG_WARN_EMPTY_BODY = YES;
				CLANG_WARN_ENUM_CONVERSION = YES;
				CLANG_WARN_INFINITE_RECURSION = YES;
				CLANG_WARN_INT_CONVERSION = YES;
				CLANG_WARN_OBJC_ROOT_CLASS = YES_ERROR;
				CLANG_WARN_SUSPICIOUS_MOVES = YES;
				CLANG_WARN_UNREACHABLE_CODE = YES;
				CLANG_WARN__DUPLICATE_METHOD_MATCH = YES;
				"CODE_SIGN_IDENTITY[sdk=iphoneos*]" = "iPhone Developer";
				COPY_PHASE_STRIP = NO;
				DEBUG_INFORMATION_FORMAT = dwarf;
				ENABLE_STRICT_OBJC_MSGSEND = YES;
				ENABLE_TESTABILITY = YES;
				GCC_C_LANGUAGE_STANDARD = gnu99;
				GCC_DYNAMIC_NO_PIC = NO;
				GCC_NO_COMMON_BLOCKS = YES;
				GCC_OPTIMIZATION_LEVEL = 0;
				GCC_PREPROCESSOR_DEFINITIONS = (
					"DEBUG=1",
					"$(inherited)",
				);
				GCC_WARN_64_TO_32_BIT_CONVERSION = YES;
				GCC_WARN_ABOUT_RETURN_TYPE = YES_ERROR;
				GCC_WARN_UNDECLARED_SELECTOR = YES;
				GCC_WARN_UNINITIALIZED_AUTOS = YES_AGGRESSIVE;
				GCC_WARN_UNUSED_FUNCTION = YES;
				GCC_WARN_UNUSED_VARIABLE = YES;
				IPHONEOS_DEPLOYMENT_TARGET = 10.0;
				MTL_ENABLE_DEBUG_INFO = YES;
				ONLY_ACTIVE_ARCH = YES;
				SDKROOT = iphoneos;
				SWIFT_ACTIVE_COMPILATION_CONDITIONS = DEBUG;
				SWIFT_OPTIMIZATION_LEVEL = "-Onone";
				TARGETED_DEVICE_FAMILY = "1,2";
			};
			name = Debug;
		};
		A70A6ECE1DBCD9CA009F5331 /* Release */ = {
			isa = XCBuildConfiguration;
			buildSettings = {
				ALWAYS_SEARCH_USER_PATHS = NO;
				CLANG_ANALYZER_NONNULL = YES;
				CLANG_CXX_LANGUAGE_STANDARD = "gnu++0x";
				CLANG_CXX_LIBRARY = "libc++";
				CLANG_ENABLE_MODULES = YES;
				CLANG_ENABLE_OBJC_ARC = YES;
				CLANG_WARN_BOOL_CONVERSION = YES;
				CLANG_WARN_CONSTANT_CONVERSION = YES;
				CLANG_WARN_DIRECT_OBJC_ISA_USAGE = YES_ERROR;
				CLANG_WARN_DOCUMENTATION_COMMENTS = YES;
				CLANG_WARN_EMPTY_BODY = YES;
				CLANG_WARN_ENUM_CONVERSION = YES;
				CLANG_WARN_INFINITE_RECURSION = YES;
				CLANG_WARN_INT_CONVERSION = YES;
				CLANG_WARN_OBJC_ROOT_CLASS = YES_ERROR;
				CLANG_WARN_SUSPICIOUS_MOVES = YES;
				CLANG_WARN_UNREACHABLE_CODE = YES;
				CLANG_WARN__DUPLICATE_METHOD_MATCH = YES;
				"CODE_SIGN_IDENTITY[sdk=iphoneos*]" = "iPhone Developer";
				COPY_PHASE_STRIP = NO;
				DEBUG_INFORMATION_FORMAT = "dwarf-with-dsym";
				ENABLE_NS_ASSERTIONS = NO;
				ENABLE_STRICT_OBJC_MSGSEND = YES;
				GCC_C_LANGUAGE_STANDARD = gnu99;
				GCC_NO_COMMON_BLOCKS = YES;
				GCC_WARN_64_TO_32_BIT_CONVERSION = YES;
				GCC_WARN_ABOUT_RETURN_TYPE = YES_ERROR;
				GCC_WARN_UNDECLARED_SELECTOR = YES;
				GCC_WARN_UNINITIALIZED_AUTOS = YES_AGGRESSIVE;
				GCC_WARN_UNUSED_FUNCTION = YES;
				GCC_WARN_UNUSED_VARIABLE = YES;
				IPHONEOS_DEPLOYMENT_TARGET = 10.0;
				MTL_ENABLE_DEBUG_INFO = NO;
				SDKROOT = iphoneos;
				SWIFT_OPTIMIZATION_LEVEL = "-Owholemodule";
				TARGETED_DEVICE_FAMILY = "1,2";
				VALIDATE_PRODUCT = YES;
			};
			name = Release;
		};
		A70A6ED01DBCD9CA009F5331 /* Debug */ = {
			isa = XCBuildConfiguration;
			baseConfigurationReference = 48DCFF4E486E734A6DBF319A /* Pods-CustomPro.debug.xcconfig */;
			buildSettings = {
				ASSETCATALOG_COMPILER_APPICON_NAME = AppIcon;
				INFOPLIST_FILE = CustomPro/Info.plist;
				LD_RUNPATH_SEARCH_PATHS = "$(inherited) @executable_path/Frameworks";
				PRODUCT_BUNDLE_IDENTIFIER = Pwc.CustomPro;
				PRODUCT_NAME = "$(TARGET_NAME)";
				SWIFT_VERSION = 3.0;
			};
			name = Debug;
		};
		A70A6ED11DBCD9CA009F5331 /* Release */ = {
			isa = XCBuildConfiguration;
			baseConfigurationReference = B1AE635E39929C8086847DCC /* Pods-CustomPro.release.xcconfig */;
			buildSettings = {
				ASSETCATALOG_COMPILER_APPICON_NAME = AppIcon;
				INFOPLIST_FILE = CustomPro/Info.plist;
				LD_RUNPATH_SEARCH_PATHS = "$(inherited) @executable_path/Frameworks";
				PRODUCT_BUNDLE_IDENTIFIER = Pwc.CustomPro;
				PRODUCT_NAME = "$(TARGET_NAME)";
				SWIFT_VERSION = 3.0;
			};
			name = Release;
		};
/* End XCBuildConfiguration section */

/* Begin XCConfigurationList section */
		A70A6EB81DBCD9CA009F5331 /* Build configuration list for PBXProject "CustomPro" */ = {
			isa = XCConfigurationList;
			buildConfigurations = (
				A70A6ECD1DBCD9CA009F5331 /* Debug */,
				A70A6ECE1DBCD9CA009F5331 /* Release */,
			);
			defaultConfigurationIsVisible = 0;
			defaultConfigurationName = Release;
		};
		A70A6ECF1DBCD9CA009F5331 /* Build configuration list for PBXNativeTarget "CustomPro" */ = {
			isa = XCConfigurationList;
			buildConfigurations = (
				A70A6ED01DBCD9CA009F5331 /* Debug */,
				A70A6ED11DBCD9CA009F5331 /* Release */,
			);
			defaultConfigurationIsVisible = 0;
			defaultConfigurationName = Release;
		};
/* End XCConfigurationList section */
	};
	rootObject = A70A6EB51DBCD9CA009F5331 /* Project object */;
}
